{
    "_meta": {
        "hash": {
            "sha256": "a289fe9d57851dab9d040a9a700ca5523fc47e8cbc1ed9243aecb55388c51230"
        },
        "pipfile-spec": 6,
        "requires": {},
        "sources": [
            {
                "name": "pypi",
                "url": "https://pypi.python.org/simple",
                "verify_ssl": true
            }
        ]
    },
    "default": {
        "certifi": {
            "hashes": [
                "sha256:2bbf76fd432960138b3ef6dda3dde0544f27cbf8546c458e60baf371917ba9ee",
                "sha256:50b1e4f8446b06f41be7dd6338db18e0990601dce795c2b1686458aa7e8fa7d8"
            ],
            "version": "==2021.5.30"
        },
        "chardet": {
            "hashes": [
                "sha256:0d6f53a15db4120f2b08c94f11e7d93d2c911ee118b6b30a04ec3ee8310179fa",
                "sha256:f864054d66fd9118f2e67044ac8981a54775ec5b67aed0441892edb553d21da5"
            ],
            "markers": "python_version >= '2.7' and python_version not in '3.0, 3.1, 3.2, 3.3, 3.4'",
            "version": "==4.0.0"
        },
        "defusedxml": {
            "hashes": [
                "sha256:1bb3032db185915b62d7c6209c5a8792be6a32ab2fedacc84e01b52c51aa3e69",
                "sha256:a352e7e428770286cc899e2542b6cdaedb2b4953ff269a210103ec58f6198a61"
            ],
            "markers": "python_version >= '2.7' and python_version not in '3.0, 3.1, 3.2, 3.3, 3.4'",
            "version": "==0.7.1"
        },
        "django": {
            "hashes": [
                "sha256:3339ff0e03dee13045aef6ae7b523edff75b6d726adf7a7a48f53d5a501f7db7",
                "sha256:f2084ceecff86b1e631c2cd4107d435daf4e12f1efcdf11061a73bf0b5e95f92"
            ],
            "index": "pypi",
            "version": "==2.2.24"
        },
        "django-allauth": {
            "hashes": [
                "sha256:95a9f7fbebe3e97ce3a541d213fc52492b50dac92f0f91483f58949189e5aa4f"
            ],
            "index": "pypi",
            "version": "==0.34.0"
        },
        "django-crispy-forms": {
            "hashes": [
                "sha256:b29a9a671194e3a482891f319f69da81e30ae81c075f6e37adb14a83ba2c409b",
                "sha256:d37fe72eb550b41ba651c06293fb861d5a9e6e3ada23304718858cd6250d258d"
            ],
            "index": "pypi",
            "version": "==1.7.0"
        },
        "idna": {
            "hashes": [
                "sha256:b307872f855b18632ce0c21c5e45be78c0ea7ae4c15c828c20788b26921eb3f6",
                "sha256:b97d804b1e9b523befed77c48dacec60e6dcb0b5391d57af6a65a312a90648c0"
            ],
            "markers": "python_version >= '2.7' and python_version not in '3.0, 3.1, 3.2, 3.3'",
            "version": "==2.10"
        },
        "oauthlib": {
            "hashes": [
                "sha256:42bf6354c2ed8c6acb54d971fce6f88193d97297e18602a3a886603f9d7730cc",
                "sha256:8f0215fcc533dd8dd1bee6f4c412d4f0cd7297307d43ac61666389e3bc3198a3"
            ],
            "markers": "python_version >= '3.6'",
            "version": "==3.1.1"
        },
        "olefile": {
            "hashes": [
                "sha256:133b031eaf8fd2c9399b78b8bc5b8fcbe4c31e85295749bb17a87cba8f3c3964"
            ],
            "markers": "python_version >= '2.7' and python_version not in '3.0, 3.1, 3.2, 3.3'",
            "version": "==0.46"
        },
        "pillow": {
            "hashes": [
                "sha256:0163bd681d3488e2e9c26f4fbbfefcfb7f32259c431bfd2c3bc25574708a8b8c",
                "sha256:0ac037e6c1746d63a1ea354f0d5974d8f3f984fc0333be373ad193711a89b1e9",
                "sha256:0e3b56364a2c772c961a8faad8a835d3f24d8848310de035c9e07cc006035cbc",
                "sha256:150e24462fd106074a9a63417a55fbb0c633716cef9511f1bd7a773972de14f4",
                "sha256:1ab641cb7daf88e88ede8d3b89b7bd68a7099d8671160492d5e6845e24426080",
                "sha256:1d742642d01914b7e0cf6fd597a51f57d21fd68f794cf84803e03e72db78a261",
                "sha256:2046a2001e2c413998951cc28aa0dbfd4cff846a12e24c2145d42630d5104094",
                "sha256:223b06c337d8d60fb65af3b540ab1fa4644931d61d1fddf6e32f7a0e496685f2",
                "sha256:250d8470661fd657c2583672ab5139f40e7f2ef28ecdc90f87563af0b27f6fba",
                "sha256:39c7c9dcf64430091e30ef14d4191b4cae9b7b5ff29762357730aac4866fb189",
                "sha256:42b4a67949085ddd4559c3c716a00a275fb45cb2c3a3aeec95c4b94419b7c243",
                "sha256:4d3dbd93b131013a71b2e98530dd4945a03c7994d42381e44a921dd8bec300bc",
                "sha256:4fb8ab0f8895fb946454ef6ffe806f49ee387095f2d6112ae24670e5fb8fbcd9",
                "sha256:53eaec751151b5713a15b1cd62b06d0fc16d72f56623c15448728c554c30770b",
                "sha256:54898190b538a6c8fa4228e866ff2e7609da1ba9fd1d9cc5dc8ca591d37ce0a8",
                "sha256:575a9b3468c82f38be0419cd39d35001ae95a0cc5226534e45430035fecef583",
                "sha256:59cef683d79b85d55a950c1e61dc7b6be0c45a5074692746354cd9a8ace1cd17",
                "sha256:62a7bbf0a1120ff07a99ddedd383779a8d80bd9d363f3964b2b43a26cef6ea50",
                "sha256:6d814aa655d94c63547fc3208cb6ab886ff1a64c543b31f52658663b1bb3f011",
                "sha256:759e5e3e99c4ac87b99e9288a75236c63173d1bb24c8d3f9d9d2c8332fceeb0a",
                "sha256:77834551d3e928f3da922ce9dfb5c8db46758ea2f2922d4c5835a5b67a222aff",
                "sha256:7b3cf7a80608ed661b77793f64e1f2bd1e77136ad0b750aa2c81fac9c7e2c785",
                "sha256:822e4fc261d12fa44d88dadee0e93d59663db94d962d4ffffbf09b1fe5e5be51",
                "sha256:8989cbf10ea07fc9982ec86116f6234bb3e44da481874ac94650d6176f60106f",
                "sha256:9184b9788a9cf677e53626a4dc141136a22d349a5480479b98defd3cfb5015a4",
                "sha256:92087cb92a968421f42235f7d8153f4766b6ba213a6efb36b8060f3c9d294569",
                "sha256:922aeb050bd52d8ce9531ab57fd2440bfe975900e8700fec385fb741c3c557c7",
                "sha256:9a1514bee2e32e0d4c0f55ba7a20f4387f883e37c7d2db64ca50449ffebe86cc",
                "sha256:9adcfa2477b7e279ebeee75b49f535518201bbd7d26ca2ef1cf6751cb6e658e8",
                "sha256:9dc002a914cefa710dcb9fb204d34f6cd822662047a6038178f5fc9bfa7be961",
                "sha256:a336596b06e062b92eb8201a3b5dff07ae01c3a5d08ce5539d2da49b123f2be6",
                "sha256:a6f43511c79bed431ec2b56e55150b5222c732cd9e5f80e77a44e068e94c71fc",
                "sha256:a9721fe1f6fdfe0c108ea81b1a05dc216f1ec5bb65ef1de1d85fd00494d019e0",
                "sha256:a97c715d44efd5b4aa8d739b8fad88b93ed79f1b33fc2822d5802043f3b1b527",
                "sha256:a9bad3405a642649e68568fe9832e8f6ae585354ab0b4ae250816ead11a553a2",
                "sha256:b13106cb83a3b7d1a02fafb94bfafbc980465ba948b76ea1996245959c6783d2",
                "sha256:be803fae6af36639524a0f6861a8cface67bbec66c3416c3eaf592f1d45b8b20",
                "sha256:c00301e807084706bd46a1c56694ee235debe68eaf482c0186edfe07b93a9f6a",
                "sha256:cc6a5ed5b8f9d2f25e4e42d562e0ec4df3ce838f9e9b9d9d9b65fac6fe93a4cc",
                "sha256:ccc9c1f5ba413fc5ee09bc78de7dd2ad8e189edb48f3bc38acedd04a7f43a0c1",
                "sha256:dbefe5aa0882f00f12eceb3fb7df57105cd87fae767ca025db4685b7577c2390",
                "sha256:dc32362d0cadf18c3aef7040455760106cafe7dd3c211dc27c507e746376bb56",
                "sha256:e595312f67962d6b4fde3b7dffaaaca4becefa522d677676bb57b0ec5f8f921a",
                "sha256:e66080685863444738f08e13081c287e340b6e4f8bd674a2e0da967776ac6f46",
                "sha256:e75d745306ec8aac0e6903358fdfc7fb6854febe551ed753ee7a1cad058b61bb",
                "sha256:effa82e72f5064439a3d2c7ff615b999eb1c4d65bb1f1e6ee6e2ddb345b3e81e",
                "sha256:f2d71951f473744ac617b645b62d0c4df5372ef4618c425646bfe5e2e8878e61"
            ],
            "index": "pypi",
            "version": "==4.3.0"
        },
        "python3-openid": {
            "hashes": [
                "sha256:33fbf6928f401e0b790151ed2b5290b02545e8775f982485205a066f874aaeaf",
                "sha256:6626f771e0417486701e0b4daff762e7212e820ca5b29fcc0d05f6f8736dfa6b"
            ],
            "version": "==3.2.0"
        },
        "pytz": {
            "hashes": [
                "sha256:83a4a90894bf38e243cf052c8b58f381bfe9a7a483f6a9cab140bc7f702ac4da",
                "sha256:eb10ce3e7736052ed3623d49975ce333bcd712c7bb19a58b9e2089d4057d0798"
            ],
            "version": "==2021.1"
        },
        "requests": {
            "hashes": [
                "sha256:27973dd4a904a4f13b263a19c866c13b92a39ed1c964655f025f3f8d3d75b804",
                "sha256:c210084e36a42ae6b9219e00e48287def368a26d03a048ddad7bfee44f75871e"
            ],
            "markers": "python_version >= '2.7' and python_version not in '3.0, 3.1, 3.2, 3.3, 3.4'",
            "version": "==2.25.1"
        },
        "requests-oauthlib": {
            "hashes": [
                "sha256:7f71572defaecd16372f9006f33c2ec8c077c3cfa6f5911a9a90202beb513f3d",
                "sha256:b4261601a71fd721a8bd6d7aa1cc1d6a8a93b4a9f5e96626f8e4d91e8beeaa6a",
                "sha256:fa6c47b933f01060936d87ae9327fead68768b69c6c9ea2109c48be30f2d4dbc"
            ],
            "version": "==1.3.0"
        },
        "sqlparse": {
            "hashes": [
                "sha256:017cde379adbd6a1f15a61873f43e8274179378e95ef3fede90b5aa64d304ed0",
                "sha256:0f91fd2e829c44362cbcfab3e9ae12e22badaa8a29ad5ff599f9ec109f0454e8"
            ],
            "markers": "python_version >= '3.5'",
            "version": "==0.4.1"
        },
        "urllib3": {
            "hashes": [
                "sha256:753a0374df26658f99d826cfe40394a686d05985786d946fbe4165b5148f5a7c",
                "sha256:a7acd0977125325f516bda9735fa7142b909a8d01e8b2e4c8108d0984e6e0098"
            ],
            "markers": "python_version >= '2.7' and python_version not in '3.0, 3.1, 3.2, 3.3, 3.4' and python_version < '4'",
            "version": "==1.26.5"
        }
    },
    "develop": {
        "decorator": {
            "hashes": [
                "sha256:6e5c199c16f7a9f0e3a61a4a54b3d27e7dad0dbdde92b944426cb20914376323",
                "sha256:72ecfba4320a893c53f9706bebb2d55c270c1e51a28789361aa93e4a21319ed5"
            ],
            "markers": "python_version >= '3.5'",
            "version": "==5.0.9"
        },
        "ipython": {
            "hashes": [
                "sha256:51c158a6c8b899898d1c91c6b51a34110196815cc905f9be0fa5878e19355608",
                "sha256:fcc6d46f08c3c4de7b15ae1c426e15be1b7932bcda9d83ce1a4304e8c1129df3"
            ],
            "index": "pypi",
            "version": "==6.2.1"
        },
        "ipython-genutils": {
            "hashes": [
                "sha256:72dd37233799e619666c9f639a9da83c34013a73e8bbc79a7a6348d93c61fab8",
                "sha256:eb2e116e75ecef9d4d228fdc66af54269afa26ab4463042e33785b887c628ba8"
            ],
            "version": "==0.2.0"
        },
        "jedi": {
            "hashes": [
                "sha256:18456d83f65f400ab0c2d3319e48520420ef43b23a086fdc05dff34132f0fb93",
                "sha256:92550a404bad8afed881a137ec9a461fed49eca661414be45059329614ed0707"
            ],
            "markers": "python_version >= '3.6'",
            "version": "==0.18.0"
        },
        "parso": {
            "hashes": [
                "sha256:12b83492c6239ce32ff5eed6d3639d6a536170723c6f3f1506869f1ace413398",
                "sha256:a8c4922db71e4fdb90e0d0bc6e50f9b273d3397925e5e60a717e719201778d22"
            ],
            "markers": "python_version >= '3.6'",
            "version": "==0.8.2"
        },
        "pexpect": {
            "hashes": [
                "sha256:0b48a55dcb3c05f3329815901ea4fc1537514d6ba867a152b581d69ae3710937",
                "sha256:fc65a43959d153d0114afe13997d439c22823a27cefceb5ff35c2178c6784c0c"
            ],
            "markers": "sys_platform != 'win32'",
            "version": "==4.8.0"
        },
        "pickleshare": {
            "hashes": [
                "sha256:87683d47965c1da65cdacaf31c8441d12b8044cdec9aca500cd78fc2c683afca",
                "sha256:9649af414d74d4df115d5d718f82acb59c9d418196b7b4290ed47a12ce62df56"
            ],
            "version": "==0.7.5"
        },
        "prompt-toolkit": {
            "hashes": [
                "sha256:37925b37a4af1f6448c76b7606e0285f79f434ad246dda007a27411cca730c6d",
                "sha256:dd4fca02c8069497ad931a2d09914c6b0d1b50151ce876bc15bde4c747090126",
                "sha256:f7eec66105baf40eda9ab026cd8b2e251337eea8d111196695d82e0c5f0af852"
            ],
            "version": "==1.0.18"
        },
        "ptyprocess": {
            "hashes": [
                "sha256:4b41f3967fce3af57cc7e94b888626c18bf37a083e3651ca8feeb66d492fef35",
                "sha256:5c5d0a3b48ceee0b48485e0c26037c0acd7d29765ca3fbb5cb3831d347423220"
            ],
            "version": "==0.7.0"
        },
        "pygments": {
            "hashes": [
                "sha256:a18f47b506a429f6f4b9df81bb02beab9ca21d0a5fee38ed15aef65f0545519f",
                "sha256:d66e804411278594d764fc69ec36ec13d9ae9147193a1740cd34d272ca383b8e"
            ],
            "markers": "python_version >= '3.5'",
            "version": "==2.9.0"
        },
        "simplegeneric": {
            "hashes": [
                "sha256:dc972e06094b9af5b855b3df4a646395e43d1c9d0d39ed345b7393560d0b9173"
            ],
            "version": "==0.8.1"
        },
        "six": {
            "hashes": [
                "sha256:1e61c37477a1626458e36f7b1d82aa5c9b094fa4802892072e49de9c60c4c926",
                "sha256:8abb2f1d86890a2dfb989f9a77cfcfd3e47c2a354b01111771326f8aa26e0254"
            ],
            "markers": "python_version >= '2.7' and python_version not in '3.0, 3.1, 3.2, 3.3'",
            "version": "==1.16.0"
        },
        "traitlets": {
            "hashes": [
                "sha256:178f4ce988f69189f7e523337a3e11d91c786ded9360174a3d9ca83e79bc5396",
                "sha256:69ff3f9d5351f31a7ad80443c2674b7099df13cc41fc5fa6e2f6d3b0330b0426"
            ],
            "markers": "python_version >= '3.7'",
            "version": "==5.0.5"
        },
        "wcwidth": {
            "hashes": [
                "sha256:beb4802a9cebb9144e99086eff703a642a13d6a0052920003a230f3294bbe784",
                "sha256:c4d647b99872929fdb7bdcaa4fbe7f01413ed3d98077df798530e5b04f116c83"
            ],
            "version": "==0.2.5"
        }
    }
}
